Microsoft Visual Studio Solution File, Format Version 12.00
# Visual Studio Version 17
VisualStudioVersion = 17.5.2.0
MinimumVisualStudioVersion = 10.0.40219.1
Project("{FAE04EC0-301F-11D3-BF4B-00C04F79EFBC}") = "ImageSharpProcessorLib", "ImageSharpProcessorLib.csproj", "{B42CD25F-8269-9F04-FC15-F83887A0282E}"
EndProject
Global
	GlobalSection(SolutionConfigurationPlatforms) = preSolution
		Debug|Any CPU = Debug|Any CPU
		Release|Any CPU = Release|Any CPU
	EndGlobalSection
	GlobalSection(ProjectConfigurationPlatforms) = postSolution
		{B42CD25F-8269-9F04-FC15-F83887A0282E}.Debug|Any CPU.ActiveCfg = Debug|Any CPU
		{B42CD25F-8269-9F04-FC15-F83887A0282E}.Debug|Any CPU.Build.0 = Debug|Any CPU
		{B42CD25F-8269-9F04-FC15-F83887A0282E}.Release|Any CPU.ActiveCfg = Release|Any CPU
		{B42CD25F-8269-9F04-FC15-F83887A0282E}.Release|Any CPU.Build.0 = Release|Any CPU
	EndGlobalSection
	GlobalSection(SolutionProperties) = preSolution
		HideSolutionNode = FALSE
	EndGlobalSection
	GlobalSection(ExtensibilityGlobals) = postSolution
		SolutionGuid = {7737D0DC-FD63-4344-9240-312CC28382DC}
	EndGlobalSection
EndGlobal
